
Microsoft Visual Studio Solution File, Format Version 12.00
# Visual Studio Version 16
VisualStudioVersion = 16.0.32002.261
MinimumVisualStudioVersion = 10.0.40219.1
Project("{FAE04EC0-301F-11D3-BF4B-00C04F79EFBC}") = "Sprint4", "Sprint4.csproj", "{2AD0D6E0-CA41-48FD-ACCC-EEAC90E122D3}"
EndProject
Global
	GlobalSection(SolutionConfigurationPlatforms) = preSolution
		Debug|Any CPU = Debug|Any CPU
		Release|Any CPU = Release|Any CPU
	EndGlobalSection
	GlobalSection(ProjectConfigurationPlatforms) = postSolution
		{2AD0D6E0-CA41-48FD-ACCC-EEAC90E122D3}.Debug|Any CPU.ActiveCfg = Debug|Any CPU
		{2AD0D6E0-CA41-48FD-ACCC-EEAC90E122D3}.Debug|Any CPU.Build.0 = Debug|Any CPU
		{2AD0D6E0-CA41-48FD-ACCC-EEAC90E122D3}.Release|Any CPU.ActiveCfg = Release|Any CPU
		{2AD0D6E0-CA41-48FD-ACCC-EEAC90E122D3}.Release|Any CPU.Build.0 = Release|Any CPU
	EndGlobalSection
	GlobalSection(SolutionProperties) = preSolution
		HideSolutionNode = FALSE
	EndGlobalSection
	GlobalSection(ExtensibilityGlobals) = postSolution
		SolutionGuid = {E5BCD2C1-9F13-4A4A-8EE4-ABEABB0246CC}
	EndGlobalSection
EndGlobal
